// !$*UTF8*$!
{
	archiveVersion = 1;
	classes = {
	};
	objectVersion = 55;
	objects = {

/* Begin PBXBuildFile section */
		6BDBF5DC27DA88270057CD37 /* AppDelegate.swift in Sources */ = {isa = PBXBuildFile; fileRef = 6BDBF5DB27DA88270057CD37 /* AppDelegate.swift */; };
		6BDBF5DE27DA88270057CD37 /* SceneDelegate.swift in Sources */ = {isa = PBXBuildFile; fileRef = 6BDBF5DD27DA88270057CD37 /* SceneDelegate.swift */; };
		6BDBF5E027DA88270057CD37 /* EntryListViewController.swift in Sources */ = {isa = PBXBuildFile; fileRef = 6BDBF5DF27DA88270057CD37 /* EntryListViewController.swift */; };
		6BDBF5E327DA88270057CD37 /* EntryListViewController.storyboard in Resources */ = {isa = PBXBuildFile; fileRef = 6BDBF5E127DA88270057CD37 /* EntryListViewController.storyboard */; };
		6BDBF5E627DA88270057CD37 /* AppLectorRSS.xcdatamodeld in Sources */ = {isa = PBXBuildFile; fileRef = 6BDBF5E427DA88270057CD37 /* AppLectorRSS.xcdatamodeld */; };
		6BDBF5E827DA88290057CD37 /* Assets.xcassets in Resources */ = {isa = PBXBuildFile; fileRef = 6BDBF5E727DA88290057CD37 /* Assets.xcassets */; };
		6BDBF5EB27DA88290057CD37 /* LaunchScreen.storyboard in Resources */ = {isa = PBXBuildFile; fileRef = 6BDBF5E927DA88290057CD37 /* LaunchScreen.storyboard */; };
		6BDBF5F427DA921E0057CD37 /* XMLParsing in Frameworks */ = {isa = PBXBuildFile; productRef = 6BDBF5F327DA921E0057CD37 /* XMLParsing */; };
		6BDBF5F727DBFF150057CD37 /* CoreDataManager.swift in Sources */ = {isa = PBXBuildFile; fileRef = 6BDBF5F627DBFF150057CD37 /* CoreDataManager.swift */; };
		6BDBF5FA27DC03930057CD37 /* SWXMLHash in Frameworks */ = {isa = PBXBuildFile; productRef = 6BDBF5F927DC03930057CD37 /* SWXMLHash */; };
		6BDBF5FD27DCBFD80057CD37 /* FeedParser.swift in Sources */ = {isa = PBXBuildFile; fileRef = 6BDBF5FC27DCBFD80057CD37 /* FeedParser.swift */; };
		6BDBF60327DDF9930057CD37 /* StringExtension.swift in Sources */ = {isa = PBXBuildFile; fileRef = 6BDBF60227DDF9930057CD37 /* StringExtension.swift */; };
		6BDBF60627DDFD760057CD37 /* EntryListPresenter.swift in Sources */ = {isa = PBXBuildFile; fileRef = 6BDBF60527DDFD760057CD37 /* EntryListPresenter.swift */; };
		6BDBF60F27DDFEEB0057CD37 /* NetworkingConstants.swift in Sources */ = {isa = PBXBuildFile; fileRef = 6BDBF60E27DDFEEB0057CD37 /* NetworkingConstants.swift */; };
		6BDBF61227DE01FB0057CD37 /* Feed.swift in Sources */ = {isa = PBXBuildFile; fileRef = 6BDBF61127DE01FB0057CD37 /* Feed.swift */; };
		6BDBF61427DE02410057CD37 /* Entry.swift in Sources */ = {isa = PBXBuildFile; fileRef = 6BDBF61327DE02410057CD37 /* Entry.swift */; };
		6BDBF61627DE033B0057CD37 /* EntryListViewController+TableView.swift in Sources */ = {isa = PBXBuildFile; fileRef = 6BDBF61527DE033B0057CD37 /* EntryListViewController+TableView.swift */; };
		6BDBF61C27DE055D0057CD37 /* EntryCell.swift in Sources */ = {isa = PBXBuildFile; fileRef = 6BDBF61A27DE055D0057CD37 /* EntryCell.swift */; };
		6BDBF61D27DE055D0057CD37 /* EntryCell.xib in Resources */ = {isa = PBXBuildFile; fileRef = 6BDBF61B27DE055D0057CD37 /* EntryCell.xib */; };
		6BDBF61F27DE0E200057CD37 /* UIImageViewExtension.swift in Sources */ = {isa = PBXBuildFile; fileRef = 6BDBF61E27DE0E200057CD37 /* UIImageViewExtension.swift */; };
		6BDBF62127DE5D280057CD37 /* NetworkingErrors.swift in Sources */ = {isa = PBXBuildFile; fileRef = 6BDBF62027DE5D280057CD37 /* NetworkingErrors.swift */; };
		6BDBF62327DE5DEE0057CD37 /* DateExtension.swift in Sources */ = {isa = PBXBuildFile; fileRef = 6BDBF62227DE5DEE0057CD37 /* DateExtension.swift */; };
/* End PBXBuildFile section */

/* Begin PBXFileReference section */
		6BDBF5D827DA88270057CD37 /* AppLectorRSS.app */ = {isa = PBXFileReference; explicitFileType = wrapper.application; includeInIndex = 0; path = AppLectorRSS.app; sourceTree = BUILT_PRODUCTS_DIR; };
		6BDBF5DB27DA88270057CD37 /* AppDelegate.swift */ = {isa = PBXFileReference; lastKnownFileType = sourcecode.swift; path = AppDelegate.swift; sourceTree = "<group>"; };
		6BDBF5DD27DA88270057CD37 /* SceneDelegate.swift */ = {isa = PBXFileReference; lastKnownFileType = sourcecode.swift; path = SceneDelegate.swift; sourceTree = "<group>"; };
		6BDBF5DF27DA88270057CD37 /* EntryListViewController.swift */ = {isa = PBXFileReference; lastKnownFileType = sourcecode.swift; path = EntryListViewController.swift; sourceTree = "<group>"; };
		6BDBF5E227DA88270057CD37 /* Base */ = {isa = PBXFileReference; lastKnownFileType = file.storyboard; name = Base; path = Base.lproj/EntryListViewController.storyboard; sourceTree = "<group>"; };
		6BDBF5E527DA88270057CD37 /* AppLectorRSS.xcdatamodel */ = {isa = PBXFileReference; lastKnownFileType = wrapper.xcdatamodel; path = AppLectorRSS.xcdatamodel; sourceTree = "<group>"; };
		6BDBF5E727DA88290057CD37 /* Assets.xcassets */ = {isa = PBXFileReference; lastKnownFileType = folder.assetcatalog; path = Assets.xcassets; sourceTree = "<group>"; };
		6BDBF5EA27DA88290057CD37 /* Base */ = {isa = PBXFileReference; lastKnownFileType = file.storyboard; name = Base; path = Base.lproj/LaunchScreen.storyboard; sourceTree = "<group>"; };
		6BDBF5EC27DA88290057CD37 /* Info.plist */ = {isa = PBXFileReference; lastKnownFileType = text.plist.xml; path = Info.plist; sourceTree = "<group>"; };
		6BDBF5F627DBFF150057CD37 /* CoreDataManager.swift */ = {isa = PBXFileReference; lastKnownFileType = sourcecode.swift; path = CoreDataManager.swift; sourceTree = "<group>"; };
		6BDBF5FC27DCBFD80057CD37 /* FeedParser.swift */ = {isa = PBXFileReference; lastKnownFileType = sourcecode.swift; path = FeedParser.swift; sourceTree = "<group>"; };
		6BDBF60227DDF9930057CD37 /* StringExtension.swift */ = {isa = PBXFileReference; lastKnownFileType = sourcecode.swift; path = StringExtension.swift; sourceTree = "<group>"; };
		6BDBF60527DDFD760057CD37 /* EntryListPresenter.swift */ = {isa = PBXFileReference; lastKnownFileType = sourcecode.swift; path = EntryListPresenter.swift; sourceTree = "<group>"; };
		6BDBF60E27DDFEEB0057CD37 /* NetworkingConstants.swift */ = {isa = PBXFileReference; lastKnownFileType = sourcecode.swift; path = NetworkingConstants.swift; sourceTree = "<group>"; };
		6BDBF61127DE01FB0057CD37 /* Feed.swift */ = {isa = PBXFileReference; lastKnownFileType = sourcecode.swift; path = Feed.swift; sourceTree = "<group>"; };
		6BDBF61327DE02410057CD37 /* Entry.swift */ = {isa = PBXFileReference; lastKnownFileType = sourcecode.swift; path = Entry.swift; sourceTree = "<group>"; };
		6BDBF61527DE033B0057CD37 /* EntryListViewController+TableView.swift */ = {isa = PBXFileReference; lastKnownFileType = sourcecode.swift; path = "EntryListViewController+TableView.swift"; sourceTree = "<group>"; };
		6BDBF61A27DE055D0057CD37 /* EntryCell.swift */ = {isa = PBXFileReference; lastKnownFileType = sourcecode.swift; path = EntryCell.swift; sourceTree = "<group>"; };
		6BDBF61B27DE055D0057CD37 /* EntryCell.xib */ = {isa = PBXFileReference; lastKnownFileType = file.xib; path = EntryCell.xib; sourceTree = "<group>"; };
		6BDBF61E27DE0E200057CD37 /* UIImageViewExtension.swift */ = {isa = PBXFileReference; lastKnownFileType = sourcecode.swift; path = UIImageViewExtension.swift; sourceTree = "<group>"; };
		6BDBF62027DE5D280057CD37 /* NetworkingErrors.swift */ = {isa = PBXFileReference; lastKnownFileType = sourcecode.swift; path = NetworkingErrors.swift; sourceTree = "<group>"; };
		6BDBF62227DE5DEE0057CD37 /* DateExtension.swift */ = {isa = PBXFileReference; lastKnownFileType = sourcecode.swift; path = DateExtension.swift; sourceTree = "<group>"; };
/* End PBXFileReference section */

/* Begin PBXFrameworksBuildPhase section */
		6BDBF5D527DA88270057CD37 /* Frameworks */ = {
			isa = PBXFrameworksBuildPhase;
			buildActionMask = 2147483647;
			files = (
				6BDBF5FA27DC03930057CD37 /* SWXMLHash in Frameworks */,
				6BDBF5F427DA921E0057CD37 /* XMLParsing in Frameworks */,
			);
			runOnlyForDeploymentPostprocessing = 0;
		};
/* End PBXFrameworksBuildPhase section */

/* Begin PBXGroup section */
		6BDBF5CF27DA88270057CD37 = {
			isa = PBXGroup;
			children = (
				6BDBF5DA27DA88270057CD37 /* AppLectorRSS */,
				6BDBF5D927DA88270057CD37 /* Products */,
			);
			sourceTree = "<group>";
		};
		6BDBF5D927DA88270057CD37 /* Products */ = {
			isa = PBXGroup;
			children = (
				6BDBF5D827DA88270057CD37 /* AppLectorRSS.app */,
			);
			name = Products;
			sourceTree = "<group>";
		};
		6BDBF5DA27DA88270057CD37 /* AppLectorRSS */ = {
			isa = PBXGroup;
			children = (
				6BDBF60D27DDFEDB0057CD37 /* Constants */,
				6BDBF60727DDFDA90057CD37 /* AppSections */,
				6BDBF60127DDF9840057CD37 /* Extensions */,
				6BDBF5FB27DCBFAF0057CD37 /* Networking */,
				6BDBF5F527DBFF090057CD37 /* CoreData */,
				6BDBF5DB27DA88270057CD37 /* AppDelegate.swift */,
				6BDBF5DD27DA88270057CD37 /* SceneDelegate.swift */,
				6BDBF5E727DA88290057CD37 /* Assets.xcassets */,
				6BDBF5E927DA88290057CD37 /* LaunchScreen.storyboard */,
				6BDBF5EC27DA88290057CD37 /* Info.plist */,
				6BDBF5E427DA88270057CD37 /* AppLectorRSS.xcdatamodeld */,
			);
			path = AppLectorRSS;
			sourceTree = "<group>";
		};
		6BDBF5F527DBFF090057CD37 /* CoreData */ = {
			isa = PBXGroup;
			children = (
				6BDBF61027DE01EB0057CD37 /* Model */,
				6BDBF5F627DBFF150057CD37 /* CoreDataManager.swift */,
			);
			path = CoreData;
			sourceTree = "<group>";
		};
		6BDBF5FB27DCBFAF0057CD37 /* Networking */ = {
			isa = PBXGroup;
			children = (
				6BDBF5FC27DCBFD80057CD37 /* FeedParser.swift */,
				6BDBF62027DE5D280057CD37 /* NetworkingErrors.swift */,
			);
			path = Networking;
			sourceTree = "<group>";
		};
		6BDBF60127DDF9840057CD37 /* Extensions */ = {
			isa = PBXGroup;
			children = (
				6BDBF60227DDF9930057CD37 /* StringExtension.swift */,
				6BDBF61E27DE0E200057CD37 /* UIImageViewExtension.swift */,
				6BDBF62227DE5DEE0057CD37 /* DateExtension.swift */,
			);
			path = Extensions;
			sourceTree = "<group>";
		};
		6BDBF60427DDFD550057CD37 /* EntryList */ = {
			isa = PBXGroup;
			children = (
				6BDBF60927DDFDC10057CD37 /* Presenter */,
				6BDBF60827DDFDBA0057CD37 /* View */,
			);
			path = EntryList;
			sourceTree = "<group>";
		};
		6BDBF60727DDFDA90057CD37 /* AppSections */ = {
			isa = PBXGroup;
			children = (
				6BDBF60A27DDFDCF0057CD37 /* EntryDetail */,
				6BDBF60427DDFD550057CD37 /* EntryList */,
			);
			path = AppSections;
			sourceTree = "<group>";
		};
		6BDBF60827DDFDBA0057CD37 /* View */ = {
			isa = PBXGroup;
			children = (
				6BDBF61727DE03FA0057CD37 /* EntryCell */,
				6BDBF5DF27DA88270057CD37 /* EntryListViewController.swift */,
				6BDBF5E127DA88270057CD37 /* EntryListViewController.storyboard */,
				6BDBF61527DE033B0057CD37 /* EntryListViewController+TableView.swift */,
			);
			path = View;
			sourceTree = "<group>";
		};
		6BDBF60927DDFDC10057CD37 /* Presenter */ = {
			isa = PBXGroup;
			children = (
				6BDBF60527DDFD760057CD37 /* EntryListPresenter.swift */,
			);
			path = Presenter;
			sourceTree = "<group>";
		};
		6BDBF60A27DDFDCF0057CD37 /* EntryDetail */ = {
			isa = PBXGroup;
			children = (
				6BDBF60C27DDFDDB0057CD37 /* View */,
				6BDBF60B27DDFDD50057CD37 /* Presenter */,
			);
			path = EntryDetail;
			sourceTree = "<group>";
		};
		6BDBF60B27DDFDD50057CD37 /* Presenter */ = {
			isa = PBXGroup;
			children = (
			);
			path = Presenter;
			sourceTree = "<group>";
		};
		6BDBF60C27DDFDDB0057CD37 /* View */ = {
			isa = PBXGroup;
			children = (
			);
			path = View;
			sourceTree = "<group>";
		};
		6BDBF60D27DDFEDB0057CD37 /* Constants */ = {
			isa = PBXGroup;
			children = (
				6BDBF60E27DDFEEB0057CD37 /* NetworkingConstants.swift */,
			);
			path = Constants;
			sourceTree = "<group>";
		};
		6BDBF61027DE01EB0057CD37 /* Model */ = {
			isa = PBXGroup;
			children = (
				6BDBF61127DE01FB0057CD37 /* Feed.swift */,
				6BDBF61327DE02410057CD37 /* Entry.swift */,
			);
			path = Model;
			sourceTree = "<group>";
		};
		6BDBF61727DE03FA0057CD37 /* EntryCell */ = {
			isa = PBXGroup;
			children = (
				6BDBF61A27DE055D0057CD37 /* EntryCell.swift */,
				6BDBF61B27DE055D0057CD37 /* EntryCell.xib */,
			);
			path = EntryCell;
			sourceTree = "<group>";
		};
/* End PBXGroup section */

/* Begin PBXNativeTarget section */
		6BDBF5D727DA88270057CD37 /* AppLectorRSS */ = {
			isa = PBXNativeTarget;
			buildConfigurationList = 6BDBF5EF27DA88290057CD37 /* Build configuration list for PBXNativeTarget "AppLectorRSS" */;
			buildPhases = (
				6BDBF5D427DA88270057CD37 /* Sources */,
				6BDBF5D527DA88270057CD37 /* Frameworks */,
				6BDBF5D627DA88270057CD37 /* Resources */,
			);
			buildRules = (
			);
			dependencies = (
			);
			name = AppLectorRSS;
			packageProductDependencies = (
				6BDBF5F327DA921E0057CD37 /* XMLParsing */,
				6BDBF5F927DC03930057CD37 /* SWXMLHash */,
			);
			productName = AppLectorRSS;
			productReference = 6BDBF5D827DA88270057CD37 /* AppLectorRSS.app */;
			productType = "com.apple.product-type.application";
		};
/* End PBXNativeTarget section */

/* Begin PBXProject section */
		6BDBF5D027DA88270057CD37 /* Project object */ = {
			isa = PBXProject;
			attributes = {
				BuildIndependentTargetsInParallel = 1;
				LastSwiftUpdateCheck = 1300;
				LastUpgradeCheck = 1300;
				TargetAttributes = {
					6BDBF5D727DA88270057CD37 = {
						CreatedOnToolsVersion = 13.0;
					};
				};
			};
			buildConfigurationList = 6BDBF5D327DA88270057CD37 /* Build configuration list for PBXProject "AppLectorRSS" */;
			compatibilityVersion = "Xcode 13.0";
			developmentRegion = en;
			hasScannedForEncodings = 0;
			knownRegions = (
				en,
				Base,
			);
			mainGroup = 6BDBF5CF27DA88270057CD37;
			packageReferences = (
				6BDBF5F227DA921E0057CD37 /* XCRemoteSwiftPackageReference "XMLParsing" */,
				6BDBF5F827DC03930057CD37 /* XCRemoteSwiftPackageReference "SWXMLHash" */,
			);
			productRefGroup = 6BDBF5D927DA88270057CD37 /* Products */;
			projectDirPath = "";
			projectRoot = "";
			targets = (
				6BDBF5D727DA88270057CD37 /* AppLectorRSS */,
			);
		};
/* End PBXProject section */

/* Begin PBXResourcesBuildPhase section */
		6BDBF5D627DA88270057CD37 /* Resources */ = {
			isa = PBXResourcesBuildPhase;
			buildActionMask = 2147483647;
			files = (
				6BDBF61D27DE055D0057CD37 /* EntryCell.xib in Resources */,
				6BDBF5EB27DA88290057CD37 /* LaunchScreen.storyboard in Resources */,
				6BDBF5E827DA88290057CD37 /* Assets.xcassets in Resources */,
				6BDBF5E327DA88270057CD37 /* EntryListViewController.storyboard in Resources */,
			);
			runOnlyForDeploymentPostprocessing = 0;
		};
/* End PBXResourcesBuildPhase section */

/* Begin PBXSourcesBuildPhase section */
		6BDBF5D427DA88270057CD37 /* Sources */ = {
			isa = PBXSourcesBuildPhase;
			buildActionMask = 2147483647;
			files = (
				6BDBF5FD27DCBFD80057CD37 /* FeedParser.swift in Sources */,
				6BDBF61227DE01FB0057CD37 /* Feed.swift in Sources */,
				6BDBF60627DDFD760057CD37 /* EntryListPresenter.swift in Sources */,
				6BDBF60327DDF9930057CD37 /* StringExtension.swift in Sources */,
				6BDBF5E027DA88270057CD37 /* EntryListViewController.swift in Sources */,
				6BDBF62127DE5D280057CD37 /* NetworkingErrors.swift in Sources */,
				6BDBF61627DE033B0057CD37 /* EntryListViewController+TableView.swift in Sources */,
				6BDBF5DC27DA88270057CD37 /* AppDelegate.swift in Sources */,
				6BDBF61427DE02410057CD37 /* Entry.swift in Sources */,
				6BDBF62327DE5DEE0057CD37 /* DateExtension.swift in Sources */,
				6BDBF61F27DE0E200057CD37 /* UIImageViewExtension.swift in Sources */,
				6BDBF5DE27DA88270057CD37 /* SceneDelegate.swift in Sources */,
				6BDBF61C27DE055D0057CD37 /* EntryCell.swift in Sources */,
				6BDBF5F727DBFF150057CD37 /* CoreDataManager.swift in Sources */,
				6BDBF5E627DA88270057CD37 /* AppLectorRSS.xcdatamodeld in Sources */,
				6BDBF60F27DDFEEB0057CD37 /* NetworkingConstants.swift in Sources */,
			);
			runOnlyForDeploymentPostprocessing = 0;
		};
/* End PBXSourcesBuildPhase section */

/* Begin PBXVariantGroup section */
		6BDBF5E127DA88270057CD37 /* EntryListViewController.storyboard */ = {
			isa = PBXVariantGroup;
			children = (
				6BDBF5E227DA88270057CD37 /* Base */,
			);
			name = EntryListViewController.storyboard;
			sourceTree = "<group>";
		};
		6BDBF5E927DA88290057CD37 /* LaunchScreen.storyboard */ = {
			isa = PBXVariantGroup;
			children = (
				6BDBF5EA27DA88290057CD37 /* Base */,
			);
			name = LaunchScreen.storyboard;
			sourceTree = "<group>";
		};
/* End PBXVariantGroup section */

/* Begin XCBuildConfiguration section */
		6BDBF5ED27DA88290057CD37 /* Debug */ = {
			isa = XCBuildConfiguration;
			buildSettings = {
				ALWAYS_SEARCH_USER_PATHS = NO;
				CLANG_ANALYZER_NONNULL = YES;
				CLANG_ANALYZER_NUMBER_OBJECT_CONVERSION = YES_AGGRESSIVE;
				CLANG_CXX_LANGUAGE_STANDARD = "gnu++17";
				CLANG_CXX_LIBRARY = "libc++";
				CLANG_ENABLE_MODULES = YES;
				CLANG_ENABLE_OBJC_ARC = YES;
				CLANG_ENABLE_OBJC_WEAK = YES;
				CLANG_WARN_BLOCK_CAPTURE_AUTORELEASING = YES;
				CLANG_WARN_BOOL_CONVERSION = YES;
				CLANG_WARN_COMMA = YES;
				CLANG_WARN_CONSTANT_CONVERSION = YES;
				CLANG_WARN_DEPRECATED_OBJC_IMPLEMENTATIONS = YES;
				CLANG_WARN_DIRECT_OBJC_ISA_USAGE = YES_ERROR;
				CLANG_WARN_DOCUMENTATION_COMMENTS = YES;
				CLANG_WARN_EMPTY_BODY = YES;
				CLANG_WARN_ENUM_CONVERSION = YES;
				CLANG_WARN_INFINITE_RECURSION = YES;
				CLANG_WARN_INT_CONVERSION = YES;
				CLANG_WARN_NON_LITERAL_NULL_CONVERSION = YES;
				CLANG_WARN_OBJC_IMPLICIT_RETAIN_SELF = YES;
				CLANG_WARN_OBJC_LITERAL_CONVERSION = YES;
				CLANG_WARN_OBJC_ROOT_CLASS = YES_ERROR;
				CLANG_WARN_QUOTED_INCLUDE_IN_FRAMEWORK_HEADER = YES;
				CLANG_WARN_RANGE_LOOP_ANALYSIS = YES;
				CLANG_WARN_STRICT_PROTOTYPES = YES;
				CLANG_WARN_SUSPICIOUS_MOVE = YES;
				CLANG_WARN_UNGUARDED_AVAILABILITY = YES_AGGRESSIVE;
				CLANG_WARN_UNREACHABLE_CODE = YES;
				CLANG_WARN__DUPLICATE_METHOD_MATCH = YES;
				COPY_PHASE_STRIP = NO;
				DEBUG_INFORMATION_FORMAT = dwarf;
				ENABLE_STRICT_OBJC_MSGSEND = YES;
				ENABLE_TESTABILITY = YES;
				GCC_C_LANGUAGE_STANDARD = gnu11;
				GCC_DYNAMIC_NO_PIC = NO;
				GCC_NO_COMMON_BLOCKS = YES;
				GCC_OPTIMIZATION_LEVEL = 0;
				GCC_PREPROCESSOR_DEFINITIONS = (
					"DEBUG=1",
					"$(inherited)",
				);
				GCC_WARN_64_TO_32_BIT_CONVERSION = YES;
				GCC_WARN_ABOUT_RETURN_TYPE = YES_ERROR;
				GCC_WARN_UNDECLARED_SELECTOR = YES;
				GCC_WARN_UNINITIALIZED_AUTOS = YES_AGGRESSIVE;
				GCC_WARN_UNUSED_FUNCTION = YES;
				GCC_WARN_UNUSED_VARIABLE = YES;
				IPHONEOS_DEPLOYMENT_TARGET = 15.0;
				MTL_ENABLE_DEBUG_INFO = INCLUDE_SOURCE;
				MTL_FAST_MATH = YES;
				ONLY_ACTIVE_ARCH = YES;
				SDKROOT = iphoneos;
				SWIFT_ACTIVE_COMPILATION_CONDITIONS = DEBUG;
				SWIFT_OPTIMIZATION_LEVEL = "-Onone";
			};
			name = Debug;
		};
		6BDBF5EE27DA88290057CD37 /* Release */ = {
			isa = XCBuildConfiguration;
			buildSettings = {
				ALWAYS_SEARCH_USER_PATHS = NO;
				CLANG_ANALYZER_NONNULL = YES;
				CLANG_ANALYZER_NUMBER_OBJECT_CONVERSION = YES_AGGRESSIVE;
				CLANG_CXX_LANGUAGE_STANDARD = "gnu++17";
				CLANG_CXX_LIBRARY = "libc++";
				CLANG_ENABLE_MODULES = YES;
				CLANG_ENABLE_OBJC_ARC = YES;
				CLANG_ENABLE_OBJC_WEAK = YES;
				CLANG_WARN_BLOCK_CAPTURE_AUTORELEASING = YES;
				CLANG_WARN_BOOL_CONVERSION = YES;
				CLANG_WARN_COMMA = YES;
				CLANG_WARN_CONSTANT_CONVERSION = YES;
				CLANG_WARN_DEPRECATED_OBJC_IMPLEMENTATIONS = YES;
				CLANG_WARN_DIRECT_OBJC_ISA_USAGE = YES_ERROR;
				CLANG_WARN_DOCUMENTATION_COMMENTS = YES;
				CLANG_WARN_EMPTY_BODY = YES;
				CLANG_WARN_ENUM_CONVERSION = YES;
				CLANG_WARN_INFINITE_RECURSION = YES;
				CLANG_WARN_INT_CONVERSION = YES;
				CLANG_WARN_NON_LITERAL_NULL_CONVERSION = YES;
				CLANG_WARN_OBJC_IMPLICIT_RETAIN_SELF = YES;
				CLANG_WARN_OBJC_LITERAL_CONVERSION = YES;
				CLANG_WARN_OBJC_ROOT_CLASS = YES_ERROR;
				CLANG_WARN_QUOTED_INCLUDE_IN_FRAMEWORK_HEADER = YES;
				CLANG_WARN_RANGE_LOOP_ANALYSIS = YES;
				CLANG_WARN_STRICT_PROTOTYPES = YES;
				CLANG_WARN_SUSPICIOUS_MOVE = YES;
				CLANG_WARN_UNGUARDED_AVAILABILITY = YES_AGGRESSIVE;
				CLANG_WARN_UNREACHABLE_CODE = YES;
				CLANG_WARN__DUPLICATE_METHOD_MATCH = YES;
				COPY_PHASE_STRIP = NO;
				DEBUG_INFORMATION_FORMAT = "dwarf-with-dsym";
				ENABLE_NS_ASSERTIONS = NO;
				ENABLE_STRICT_OBJC_MSGSEND = YES;
				GCC_C_LANGUAGE_STANDARD = gnu11;
				GCC_NO_COMMON_BLOCKS = YES;
				GCC_WARN_64_TO_32_BIT_CONVERSION = YES;
				GCC_WARN_ABOUT_RETURN_TYPE = YES_ERROR;
				GCC_WARN_UNDECLARED_SELECTOR = YES;
				GCC_WARN_UNINITIALIZED_AUTOS = YES_AGGRESSIVE;
				GCC_WARN_UNUSED_FUNCTION = YES;
				GCC_WARN_UNUSED_VARIABLE = YES;
				IPHONEOS_DEPLOYMENT_TARGET = 15.0;
				MTL_ENABLE_DEBUG_INFO = NO;
				MTL_FAST_MATH = YES;
				SDKROOT = iphoneos;
				SWIFT_COMPILATION_MODE = wholemodule;
				SWIFT_OPTIMIZATION_LEVEL = "-O";
				VALIDATE_PRODUCT = YES;
			};
			name = Release;
		};
		6BDBF5F027DA88290057CD37 /* Debug */ = {
			isa = XCBuildConfiguration;
			buildSettings = {
				ASSETCATALOG_COMPILER_APPICON_NAME = AppIcon;
				ASSETCATALOG_COMPILER_GLOBAL_ACCENT_COLOR_NAME = AccentColor;
				CODE_SIGN_STYLE = Automatic;
				CURRENT_PROJECT_VERSION = 1;
				GENERATE_INFOPLIST_FILE = YES;
				INFOPLIST_FILE = AppLectorRSS/Info.plist;
				INFOPLIST_KEY_UIApplicationSupportsIndirectInputEvents = YES;
				INFOPLIST_KEY_UILaunchStoryboardName = LaunchScreen;
				INFOPLIST_KEY_UIMainStoryboardFile = EntryListViewController;
				INFOPLIST_KEY_UISupportedInterfaceOrientations_iPad = "UIInterfaceOrientationPortrait UIInterfaceOrientationPortraitUpsideDown UIInterfaceOrientationLandscapeLeft UIInterfaceOrientationLandscapeRight";
				INFOPLIST_KEY_UISupportedInterfaceOrientations_iPhone = "UIInterfaceOrientationPortrait UIInterfaceOrientationLandscapeLeft UIInterfaceOrientationLandscapeRight";
				LD_RUNPATH_SEARCH_PATHS = (
					"$(inherited)",
					"@executable_path/Frameworks",
				);
				MARKETING_VERSION = 1.0;
				PRODUCT_BUNDLE_IDENTIFIER = garcia.rouco.marcos.AppLectorRSS;
				PRODUCT_NAME = "$(TARGET_NAME)";
				SWIFT_EMIT_LOC_STRINGS = YES;
				SWIFT_VERSION = 5.0;
				TARGETED_DEVICE_FAMILY = "1,2";
			};
			name = Debug;
		};
		6BDBF5F127DA88290057CD37 /* Release */ = {
			isa = XCBuildConfiguration;
			buildSettings = {
				ASSETCATALOG_COMPILER_APPICON_NAME = AppIcon;
				ASSETCATALOG_COMPILER_GLOBAL_ACCENT_COLOR_NAME = AccentColor;
				CODE_SIGN_STYLE = Automatic;
				CURRENT_PROJECT_VERSION = 1;
				GENERATE_INFOPLIST_FILE = YES;
				INFOPLIST_FILE = AppLectorRSS/Info.plist;
				INFOPLIST_KEY_UIApplicationSupportsIndirectInputEvents = YES;
				INFOPLIST_KEY_UILaunchStoryboardName = LaunchScreen;
				INFOPLIST_KEY_UIMainStoryboardFile = EntryListViewController;
				INFOPLIST_KEY_UISupportedInterfaceOrientations_iPad = "UIInterfaceOrientationPortrait UIInterfaceOrientationPortraitUpsideDown UIInterfaceOrientationLandscapeLeft UIInterfaceOrientationLandscapeRight";
				INFOPLIST_KEY_UISupportedInterfaceOrientations_iPhone = "UIInterfaceOrientationPortrait UIInterfaceOrientationLandscapeLeft UIInterfaceOrientationLandscapeRight";
				LD_RUNPATH_SEARCH_PATHS = (
					"$(inherited)",
					"@executable_path/Frameworks",
				);
				MARKETING_VERSION = 1.0;
				PRODUCT_BUNDLE_IDENTIFIER = garcia.rouco.marcos.AppLectorRSS;
				PRODUCT_NAME = "$(TARGET_NAME)";
				SWIFT_EMIT_LOC_STRINGS = YES;
				SWIFT_VERSION = 5.0;
				TARGETED_DEVICE_FAMILY = "1,2";
			};
			name = Release;
		};
/* End XCBuildConfiguration section */

/* Begin XCConfigurationList section */
		6BDBF5D327DA88270057CD37 /* Build configuration list for PBXProject "AppLectorRSS" */ = {
			isa = XCConfigurationList;
			buildConfigurations = (
				6BDBF5ED27DA88290057CD37 /* Debug */,
				6BDBF5EE27DA88290057CD37 /* Release */,
			);
			defaultConfigurationIsVisible = 0;
			defaultConfigurationName = Release;
		};
		6BDBF5EF27DA88290057CD37 /* Build configuration list for PBXNativeTarget "AppLectorRSS" */ = {
			isa = XCConfigurationList;
			buildConfigurations = (
				6BDBF5F027DA88290057CD37 /* Debug */,
				6BDBF5F127DA88290057CD37 /* Release */,
			);
			defaultConfigurationIsVisible = 0;
			defaultConfigurationName = Release;
		};
/* End XCConfigurationList section */

/* Begin XCRemoteSwiftPackageReference section */
		6BDBF5F227DA921E0057CD37 /* XCRemoteSwiftPackageReference "XMLParsing" */ = {
			isa = XCRemoteSwiftPackageReference;
			repositoryURL = "https://github.com/ShawnMoore/XMLParsing";
			requirement = {
				kind = upToNextMajorVersion;
				minimumVersion = 0.0.3;
			};
		};
		6BDBF5F827DC03930057CD37 /* XCRemoteSwiftPackageReference "SWXMLHash" */ = {
			isa = XCRemoteSwiftPackageReference;
			repositoryURL = "https://github.com/drmohundro/SWXMLHash";
			requirement = {
				kind = upToNextMajorVersion;
				minimumVersion = 6.0.0;
			};
		};
/* End XCRemoteSwiftPackageReference section */

/* Begin XCSwiftPackageProductDependency section */
		6BDBF5F327DA921E0057CD37 /* XMLParsing */ = {
			isa = XCSwiftPackageProductDependency;
			package = 6BDBF5F227DA921E0057CD37 /* XCRemoteSwiftPackageReference "XMLParsing" */;
			productName = XMLParsing;
		};
		6BDBF5F927DC03930057CD37 /* SWXMLHash */ = {
			isa = XCSwiftPackageProductDependency;
			package = 6BDBF5F827DC03930057CD37 /* XCRemoteSwiftPackageReference "SWXMLHash" */;
			productName = SWXMLHash;
		};
/* End XCSwiftPackageProductDependency section */

/* Begin XCVersionGroup section */
		6BDBF5E427DA88270057CD37 /* AppLectorRSS.xcdatamodeld */ = {
			isa = XCVersionGroup;
			children = (
				6BDBF5E527DA88270057CD37 /* AppLectorRSS.xcdatamodel */,
			);
			currentVersion = 6BDBF5E527DA88270057CD37 /* AppLectorRSS.xcdatamodel */;
			path = AppLectorRSS.xcdatamodeld;
			sourceTree = "<group>";
			versionGroupType = wrapper.xcdatamodel;
		};
/* End XCVersionGroup section */
	};
	rootObject = 6BDBF5D027DA88270057CD37 /* Project object */;
}
